
Microsoft Visual Studio Solution File, Format Version 12.00
# Visual Studio Version 17
VisualStudioVersion = 17.0.31903.59
MinimumVisualStudioVersion = 10.0.40219.1
Project("{FAE04EC0-301F-11D3-BF4B-00C04F79EFBC}") = "Life", "Life\Life.csproj", "{BF26EF04-483D-42AA-BE0D-BB5A84526716}"
EndProject
Project("{FAE04EC0-301F-11D3-BF4B-00C04F79EFBC}") = "LifeTests", "LifeTests\LifeTests.csproj", "{21B49FBA-E81A-453B-9990-C9C582D00F7D}"
EndProject
Project("{FAE04EC0-301F-11D3-BF4B-00C04F79EFBC}") = "LifeConsole", "LifeConsole\LifeConsole.csproj", "{17CAF9ED-2470-40AC-995B-5323721B138F}"
EndProject
Project("{FAE04EC0-301F-11D3-BF4B-00C04F79EFBC}") = "LifeSupport", "LifeSupport\LifeSupport.csproj", "{C6DCA556-59AB-4E23-94CA-C3FBC3A2579B}"
EndProject
Project("{FAE04EC0-301F-11D3-BF4B-00C04F79EFBC}") = "LifeSupportTests", "LifeSupportTests\LifeSupportTests.csproj", "{6163B0C9-5B9D-4509-9C86-4C49CDF39ACA}"
EndProject
Global
	GlobalSection(SolutionConfigurationPlatforms) = preSolution
		Debug|Any CPU = Debug|Any CPU
		Release|Any CPU = Release|Any CPU
	EndGlobalSection
	GlobalSection(SolutionProperties) = preSolution
		HideSolutionNode = FALSE
	EndGlobalSection
	GlobalSection(ProjectConfigurationPlatforms) = postSolution
		{BF26EF04-483D-42AA-BE0D-BB5A84526716}.Debug|Any CPU.ActiveCfg = Debug|Any CPU
		{BF26EF04-483D-42AA-BE0D-BB5A84526716}.Debug|Any CPU.Build.0 = Debug|Any CPU
		{BF26EF04-483D-42AA-BE0D-BB5A84526716}.Release|Any CPU.ActiveCfg = Release|Any CPU
		{BF26EF04-483D-42AA-BE0D-BB5A84526716}.Release|Any CPU.Build.0 = Release|Any CPU
		{21B49FBA-E81A-453B-9990-C9C582D00F7D}.Debug|Any CPU.ActiveCfg = Debug|Any CPU
		{21B49FBA-E81A-453B-9990-C9C582D00F7D}.Debug|Any CPU.Build.0 = Debug|Any CPU
		{21B49FBA-E81A-453B-9990-C9C582D00F7D}.Release|Any CPU.ActiveCfg = Release|Any CPU
		{21B49FBA-E81A-453B-9990-C9C582D00F7D}.Release|Any CPU.Build.0 = Release|Any CPU
		{58B67EBA-27AD-4A2F-9066-C06E4E9525E7}.Debug|Any CPU.ActiveCfg = Debug|Any CPU
		{58B67EBA-27AD-4A2F-9066-C06E4E9525E7}.Debug|Any CPU.Build.0 = Debug|Any CPU
		{58B67EBA-27AD-4A2F-9066-C06E4E9525E7}.Release|Any CPU.ActiveCfg = Release|Any CPU
		{58B67EBA-27AD-4A2F-9066-C06E4E9525E7}.Release|Any CPU.Build.0 = Release|Any CPU
		{17CAF9ED-2470-40AC-995B-5323721B138F}.Debug|Any CPU.ActiveCfg = Debug|Any CPU
		{17CAF9ED-2470-40AC-995B-5323721B138F}.Debug|Any CPU.Build.0 = Debug|Any CPU
		{17CAF9ED-2470-40AC-995B-5323721B138F}.Release|Any CPU.ActiveCfg = Release|Any CPU
		{17CAF9ED-2470-40AC-995B-5323721B138F}.Release|Any CPU.Build.0 = Release|Any CPU
		{C6DCA556-59AB-4E23-94CA-C3FBC3A2579B}.Debug|Any CPU.ActiveCfg = Debug|Any CPU
		{C6DCA556-59AB-4E23-94CA-C3FBC3A2579B}.Debug|Any CPU.Build.0 = Debug|Any CPU
		{C6DCA556-59AB-4E23-94CA-C3FBC3A2579B}.Release|Any CPU.ActiveCfg = Release|Any CPU
		{C6DCA556-59AB-4E23-94CA-C3FBC3A2579B}.Release|Any CPU.Build.0 = Release|Any CPU
		{6163B0C9-5B9D-4509-9C86-4C49CDF39ACA}.Debug|Any CPU.ActiveCfg = Debug|Any CPU
		{6163B0C9-5B9D-4509-9C86-4C49CDF39ACA}.Debug|Any CPU.Build.0 = Debug|Any CPU
		{6163B0C9-5B9D-4509-9C86-4C49CDF39ACA}.Release|Any CPU.ActiveCfg = Release|Any CPU
		{6163B0C9-5B9D-4509-9C86-4C49CDF39ACA}.Release|Any CPU.Build.0 = Release|Any CPU
	EndGlobalSection
EndGlobal
